
Microsoft Visual Studio Solution File, Format Version 12.00
# Visual Studio Version 17
VisualStudioVersion = 17.12.35707.178
MinimumVisualStudioVersion = 10.0.40219.1
Project("{FAE04EC0-301F-11D3-BF4B-00C04F79EFBC}") = "AplicacionNegocio", "AplicacionNegocio.csproj", "{007DB90A-86AE-4F36-9B03-14D171FC1517}"
EndProject
Project("{FAE04EC0-301F-11D3-BF4B-00C04F79EFBC}") = "DAL", "..\DAL\DAL.csproj", "{8A6458C1-40C3-49B6-B982-DFE456F99B32}"
EndProject
Project("{FAE04EC0-301F-11D3-BF4B-00C04F79EFBC}") = "BLL", "..\BLL\BLL.csproj", "{31792751-2209-4915-846C-80ED2F2E78C1}"
EndProject
Project("{FAE04EC0-301F-11D3-BF4B-00C04F79EFBC}") = "Models", "..\Models\Models.csproj", "{426DFDCB-7F20-49B8-AFFA-0F6874BF44B7}"
EndProject
Global
	GlobalSection(SolutionConfigurationPlatforms) = preSolution
		Debug|Any CPU = Debug|Any CPU
		Release|Any CPU = Release|Any CPU
	EndGlobalSection
	GlobalSection(ProjectConfigurationPlatforms) = postSolution
		{007DB90A-86AE-4F36-9B03-14D171FC1517}.Debug|Any CPU.ActiveCfg = Debug|Any CPU
		{007DB90A-86AE-4F36-9B03-14D171FC1517}.Debug|Any CPU.Build.0 = Debug|Any CPU
		{007DB90A-86AE-4F36-9B03-14D171FC1517}.Release|Any CPU.ActiveCfg = Release|Any CPU
		{007DB90A-86AE-4F36-9B03-14D171FC1517}.Release|Any CPU.Build.0 = Release|Any CPU
		{8A6458C1-40C3-49B6-B982-DFE456F99B32}.Debug|Any CPU.ActiveCfg = Debug|Any CPU
		{8A6458C1-40C3-49B6-B982-DFE456F99B32}.Debug|Any CPU.Build.0 = Debug|Any CPU
		{8A6458C1-40C3-49B6-B982-DFE456F99B32}.Release|Any CPU.ActiveCfg = Release|Any CPU
		{8A6458C1-40C3-49B6-B982-DFE456F99B32}.Release|Any CPU.Build.0 = Release|Any CPU
		{31792751-2209-4915-846C-80ED2F2E78C1}.Debug|Any CPU.ActiveCfg = Debug|Any CPU
		{31792751-2209-4915-846C-80ED2F2E78C1}.Debug|Any CPU.Build.0 = Debug|Any CPU
		{31792751-2209-4915-846C-80ED2F2E78C1}.Release|Any CPU.ActiveCfg = Release|Any CPU
		{31792751-2209-4915-846C-80ED2F2E78C1}.Release|Any CPU.Build.0 = Release|Any CPU
		{426DFDCB-7F20-49B8-AFFA-0F6874BF44B7}.Debug|Any CPU.ActiveCfg = Debug|Any CPU
		{426DFDCB-7F20-49B8-AFFA-0F6874BF44B7}.Debug|Any CPU.Build.0 = Debug|Any CPU
		{426DFDCB-7F20-49B8-AFFA-0F6874BF44B7}.Release|Any CPU.ActiveCfg = Release|Any CPU
		{426DFDCB-7F20-49B8-AFFA-0F6874BF44B7}.Release|Any CPU.Build.0 = Release|Any CPU
	EndGlobalSection
	GlobalSection(SolutionProperties) = preSolution
		HideSolutionNode = FALSE
	EndGlobalSection
EndGlobal
